<?xml version="1.0" encoding="utf-8"?>
<Project ToolsVersion="4.0" xmlns="http://schemas.microsoft.com/developer/msbuild/2003">
  <ItemGroup>
    <ClCompile Include="Main.cpp" />
    <ClCompile Include="..\..\..\Server\JobGraph Study\Protocols\Enum.pb.cc">
      <Filter>Network\Protocol\Output</Filter>
    </ClCompile>
    <ClCompile Include="..\..\..\Server\JobGraph Study\Protocols\Protocol.pb.cc">
      <Filter>Network\Protocol\Output</Filter>
    </ClCompile>
    <ClCompile Include="..\..\..\Server\JobGraph Study\Protocols\Struct.pb.cc">
      <Filter>Network\Protocol\Output</Filter>
    </ClCompile>
    <ClCompile Include="..\..\..\Server\JobGraph Study\SendBuffer.cpp">
      <Filter>Network\Buffer</Filter>
    </ClCompile>
  </ItemGroup>
  <ItemGroup>
    <Filter Include="Network">
      <UniqueIdentifier>{bd5ef9cd-161e-4e53-a30e-15110a6e39b2}</UniqueIdentifier>
    </Filter>
    <Filter Include="Network\Protocol">
      <UniqueIdentifier>{2db80e39-07e6-4207-af0a-ae7f3dc1aacc}</UniqueIdentifier>
    </Filter>
    <Filter Include="Network\Protocol\Output">
      <UniqueIdentifier>{5e229bc0-e1e8-4605-9b94-1f2220532307}</UniqueIdentifier>
    </Filter>
    <Filter Include="Network\Buffer">
      <UniqueIdentifier>{fc789a1c-6cd9-4755-ac47-36ff3ee65d88}</UniqueIdentifier>
    </Filter>
  </ItemGroup>
  <ItemGroup>
    <ClInclude Include="..\..\..\Server\JobGraph Study\Protocols\Enum.pb.h">
      <Filter>Network\Protocol\Output</Filter>
    </ClInclude>
    <ClInclude Include="..\..\..\Server\JobGraph Study\Protocols\Protocol.pb.h">
      <Filter>Network\Protocol\Output</Filter>
    </ClInclude>
    <ClInclude Include="..\..\..\Server\JobGraph Study\Protocols\Struct.pb.h">
      <Filter>Network\Protocol\Output</Filter>
    </ClInclude>
    <ClInclude Include="..\..\..\Server\JobGraph Study\Protocol.hpp">
      <Filter>Network\Protocol</Filter>
    </ClInclude>
    <ClInclude Include="..\..\..\Server\JobGraph Study\SendBuffer.h">
      <Filter>Network\Buffer</Filter>
    </ClInclude>
  </ItemGroup>
</Project>